{
  "version": 4,
  "terraform_version": "1.11.1",
  "serial": 14,
  "lineage": "d113eb11-bfb9-993a-ed37-c2c0c9446d5d",
  "outputs": {
    "master_public_ip": {
      "value": "51.250.89.126",
      "type": "string"
    },
    "node_public_ip": {
      "value": "51.250.74.62",
      "type": "string"
    },
    "srv_public_ip": {
      "value": "89.169.156.96",
      "type": "string"
    }
  },
  "resources": [
    {
      "mode": "managed",
      "type": "yandex_compute_instance",
      "name": "master",
      "provider": "provider[\"registry.terraform.io/yandex-cloud/yandex\"]",
      "instances": [
        {
          "schema_version": 1,
          "attributes": {
            "allow_recreate": null,
            "allow_stopping_for_update": null,
            "boot_disk": [
              {
                "auto_delete": true,
                "device_name": "fhmoj2mrn6q0k7hv6r68",
                "disk_id": "fhmoj2mrn6q0k7hv6r68",
                "initialize_params": [
                  {
                    "block_size": 4096,
                    "description": "",
                    "image_id": "fd866d9q7rcg6h4udadk",
                    "name": "",
                    "size": 8,
                    "snapshot_id": "",
                    "type": "network-hdd"
                  }
                ],
                "mode": "READ_WRITE"
              }
            ],
            "created_at": "2025-03-20T19:08:21Z",
            "description": "",
            "filesystem": [],
            "folder_id": "b1gbaqeha243uru1i62q",
            "fqdn": "fhmps3nosr6n4citl2f6.auto.internal",
            "hostname": "",
            "id": "fhmps3nosr6n4citl2f6",
            "labels": null,
            "local_disk": [],
            "metadata": {
              "ssh-keys": "ubuntu:ssh-rsa AAAAB3NzaC1yc2EAAAADAQABAAACAQDFaf3Bpa0EfmwEhwWixP7hATY48+CYHvNkWpSARVyCEbv9XnznUgygT3xWrn5b3aO89jCFgaIoBfpLQOL+Qlnw9JcmwNq/ntqxQhWURjgTNoq78DGo4/6qyy7qKTeAxS2SxrRfcRXE/4CzPHvwK+1POXMSWBGqAFxam1wG0nEzgWEAgM/nF9WRIJaRZMbBb8d9AiBMwlFUehRFTpWVjkUQ0wsq1qo7qjWVe/iv1PXgpPkiohOpjl6HzchZJEG22EY1lO4jQlhLywq26KOvCH479jR1cPQXYeKV9DtE9UH6ZBb9CCiS23zKBnm2jrOKW4ZoUUrKEc7UbPPG29kBOnhazfSFnxug5MyRJVH7KV3shYbgOq7LnBx1PCGHvmjcdqP6YG/84xKM8XpIKDYHXTTcdiVxt/d+L8Y/gAWjJOivm7jq+JcPQwLEmUTXn/XAylp9KXHNk8d/UfsJTD9lKhwwHebXzR0Rai35yEiqIz5jdLnUvB9OROkgYM/2wCqno+e/hJF1CmtORjGtc4emBcBblTzNE6M4HgFu+u8RlKWqUCjpV6iWG4bZxgIofnMKrJISxZsOWSg/1egaIWtR0y3hn0JV9Vf3aQDjSDj6J2gg42QO+eHMVPnRaN9JZAkjft6rAIuC+xo8LVXP9x6Vr8mlBthydTPgJ6ycJDobu+WUiw== lex@mastervm\n\n"
            },
            "metadata_options": [
              {
                "aws_v1_http_endpoint": 1,
                "aws_v1_http_token": 2,
                "gce_http_endpoint": 1,
                "gce_http_token": 1
              }
            ],
            "name": "k8s-master",
            "network_acceleration_type": "standard",
            "network_interface": [
              {
                "dns_record": [],
                "index": 0,
                "ip_address": "10.128.0.24",
                "ipv4": true,
                "ipv6": false,
                "ipv6_address": "",
                "ipv6_dns_record": [],
                "mac_address": "d0:0d:19:e0:ef:8e",
                "nat": true,
                "nat_dns_record": [],
                "nat_ip_address": "51.250.89.126",
                "nat_ip_version": "IPV4",
                "security_group_ids": [],
                "subnet_id": "e9bo6prhvqdscfp5gcfn"
              }
            ],
            "placement_policy": [
              {
                "host_affinity_rules": [],
                "placement_group_id": ""
              }
            ],
            "platform_id": "standard-v1",
            "resources": [
              {
                "core_fraction": 100,
                "cores": 2,
                "gpus": 0,
                "memory": 4
              }
            ],
            "scheduling_policy": [
              {
                "preemptible": false
              }
            ],
            "secondary_disk": [],
            "service_account_id": "",
            "status": "running",
            "timeouts": null,
            "zone": "ru-central1-a"
          },
          "sensitive_attributes": [],
          "private": "eyJlMmJmYjczMC1lY2FhLTExZTYtOGY4OC0zNDM2M2JjN2M0YzAiOnsiY3JlYXRlIjozMDAwMDAwMDAwMDAsImRlbGV0ZSI6MzAwMDAwMDAwMDAwLCJ1cGRhdGUiOjMwMDAwMDAwMDAwMH0sInNjaGVtYV92ZXJzaW9uIjoiMSJ9",
          "dependencies": [
            "yandex_vpc_network.default",
            "yandex_vpc_subnet.default"
          ]
        }
      ]
    },
    {
      "mode": "managed",
      "type": "yandex_compute_instance",
      "name": "node",
      "provider": "provider[\"registry.terraform.io/yandex-cloud/yandex\"]",
      "instances": [
        {
          "schema_version": 1,
          "attributes": {
            "allow_recreate": null,
            "allow_stopping_for_update": null,
            "boot_disk": [
              {
                "auto_delete": true,
                "device_name": "fhm63ha5o8jhj02ed19l",
                "disk_id": "fhm63ha5o8jhj02ed19l",
                "initialize_params": [
                  {
                    "block_size": 4096,
                    "description": "",
                    "image_id": "fd866d9q7rcg6h4udadk",
                    "name": "",
                    "size": 8,
                    "snapshot_id": "",
                    "type": "network-hdd"
                  }
                ],
                "mode": "READ_WRITE"
              }
            ],
            "created_at": "2025-03-20T19:08:21Z",
            "description": "",
            "filesystem": [],
            "folder_id": "b1gbaqeha243uru1i62q",
            "fqdn": "fhmkv7f3mmkt93516nob.auto.internal",
            "hostname": "",
            "id": "fhmkv7f3mmkt93516nob",
            "labels": null,
            "local_disk": [],
            "metadata": {
              "ssh-keys": "ubuntu:ssh-rsa AAAAB3NzaC1yc2EAAAADAQABAAACAQDFaf3Bpa0EfmwEhwWixP7hATY48+CYHvNkWpSARVyCEbv9XnznUgygT3xWrn5b3aO89jCFgaIoBfpLQOL+Qlnw9JcmwNq/ntqxQhWURjgTNoq78DGo4/6qyy7qKTeAxS2SxrRfcRXE/4CzPHvwK+1POXMSWBGqAFxam1wG0nEzgWEAgM/nF9WRIJaRZMbBb8d9AiBMwlFUehRFTpWVjkUQ0wsq1qo7qjWVe/iv1PXgpPkiohOpjl6HzchZJEG22EY1lO4jQlhLywq26KOvCH479jR1cPQXYeKV9DtE9UH6ZBb9CCiS23zKBnm2jrOKW4ZoUUrKEc7UbPPG29kBOnhazfSFnxug5MyRJVH7KV3shYbgOq7LnBx1PCGHvmjcdqP6YG/84xKM8XpIKDYHXTTcdiVxt/d+L8Y/gAWjJOivm7jq+JcPQwLEmUTXn/XAylp9KXHNk8d/UfsJTD9lKhwwHebXzR0Rai35yEiqIz5jdLnUvB9OROkgYM/2wCqno+e/hJF1CmtORjGtc4emBcBblTzNE6M4HgFu+u8RlKWqUCjpV6iWG4bZxgIofnMKrJISxZsOWSg/1egaIWtR0y3hn0JV9Vf3aQDjSDj6J2gg42QO+eHMVPnRaN9JZAkjft6rAIuC+xo8LVXP9x6Vr8mlBthydTPgJ6ycJDobu+WUiw== lex@mastervm\n\n"
            },
            "metadata_options": [
              {
                "aws_v1_http_endpoint": 1,
                "aws_v1_http_token": 2,
                "gce_http_endpoint": 1,
                "gce_http_token": 1
              }
            ],
            "name": "k8s-node",
            "network_acceleration_type": "standard",
            "network_interface": [
              {
                "dns_record": [],
                "index": 0,
                "ip_address": "10.128.0.23",
                "ipv4": true,
                "ipv6": false,
                "ipv6_address": "",
                "ipv6_dns_record": [],
                "mac_address": "d0:0d:14:f9:de:3b",
                "nat": true,
                "nat_dns_record": [],
                "nat_ip_address": "51.250.74.62",
                "nat_ip_version": "IPV4",
                "security_group_ids": [],
                "subnet_id": "e9bo6prhvqdscfp5gcfn"
              }
            ],
            "placement_policy": [
              {
                "host_affinity_rules": [],
                "placement_group_id": ""
              }
            ],
            "platform_id": "standard-v1",
            "resources": [
              {
                "core_fraction": 100,
                "cores": 2,
                "gpus": 0,
                "memory": 4
              }
            ],
            "scheduling_policy": [
              {
                "preemptible": false
              }
            ],
            "secondary_disk": [],
            "service_account_id": "",
            "status": "running",
            "timeouts": null,
            "zone": "ru-central1-a"
          },
          "sensitive_attributes": [],
          "private": "eyJlMmJmYjczMC1lY2FhLTExZTYtOGY4OC0zNDM2M2JjN2M0YzAiOnsiY3JlYXRlIjozMDAwMDAwMDAwMDAsImRlbGV0ZSI6MzAwMDAwMDAwMDAwLCJ1cGRhdGUiOjMwMDAwMDAwMDAwMH0sInNjaGVtYV92ZXJzaW9uIjoiMSJ9",
          "dependencies": [
            "yandex_vpc_network.default",
            "yandex_vpc_subnet.default"
          ]
        }
      ]
    },
    {
      "mode": "managed",
      "type": "yandex_compute_instance",
      "name": "srv",
      "provider": "provider[\"registry.terraform.io/yandex-cloud/yandex\"]",
      "instances": [
        {
          "schema_version": 1,
          "attributes": {
            "allow_recreate": null,
            "allow_stopping_for_update": null,
            "boot_disk": [
              {
                "auto_delete": true,
                "device_name": "fhmr0bsk6oj4170scgqd",
                "disk_id": "fhmr0bsk6oj4170scgqd",
                "initialize_params": [
                  {
                    "block_size": 4096,
                    "description": "",
                    "image_id": "fd866d9q7rcg6h4udadk",
                    "name": "",
                    "size": 8,
                    "snapshot_id": "",
                    "type": "network-hdd"
                  }
                ],
                "mode": "READ_WRITE"
              }
            ],
            "created_at": "2025-03-20T19:08:21Z",
            "description": "",
            "filesystem": [],
            "folder_id": "b1gbaqeha243uru1i62q",
            "fqdn": "fhmnqqfisneb3h7ukto6.auto.internal",
            "hostname": "",
            "id": "fhmnqqfisneb3h7ukto6",
            "labels": null,
            "local_disk": [],
            "metadata": {
              "ssh-keys": "ubuntu:ssh-rsa AAAAB3NzaC1yc2EAAAADAQABAAACAQDFaf3Bpa0EfmwEhwWixP7hATY48+CYHvNkWpSARVyCEbv9XnznUgygT3xWrn5b3aO89jCFgaIoBfpLQOL+Qlnw9JcmwNq/ntqxQhWURjgTNoq78DGo4/6qyy7qKTeAxS2SxrRfcRXE/4CzPHvwK+1POXMSWBGqAFxam1wG0nEzgWEAgM/nF9WRIJaRZMbBb8d9AiBMwlFUehRFTpWVjkUQ0wsq1qo7qjWVe/iv1PXgpPkiohOpjl6HzchZJEG22EY1lO4jQlhLywq26KOvCH479jR1cPQXYeKV9DtE9UH6ZBb9CCiS23zKBnm2jrOKW4ZoUUrKEc7UbPPG29kBOnhazfSFnxug5MyRJVH7KV3shYbgOq7LnBx1PCGHvmjcdqP6YG/84xKM8XpIKDYHXTTcdiVxt/d+L8Y/gAWjJOivm7jq+JcPQwLEmUTXn/XAylp9KXHNk8d/UfsJTD9lKhwwHebXzR0Rai35yEiqIz5jdLnUvB9OROkgYM/2wCqno+e/hJF1CmtORjGtc4emBcBblTzNE6M4HgFu+u8RlKWqUCjpV6iWG4bZxgIofnMKrJISxZsOWSg/1egaIWtR0y3hn0JV9Vf3aQDjSDj6J2gg42QO+eHMVPnRaN9JZAkjft6rAIuC+xo8LVXP9x6Vr8mlBthydTPgJ6ycJDobu+WUiw== lex@mastervm\n\n"
            },
            "metadata_options": [
              {
                "aws_v1_http_endpoint": 1,
                "aws_v1_http_token": 2,
                "gce_http_endpoint": 1,
                "gce_http_token": 1
              }
            ],
            "name": "ci-server",
            "network_acceleration_type": "standard",
            "network_interface": [
              {
                "dns_record": [],
                "index": 0,
                "ip_address": "10.128.0.7",
                "ipv4": true,
                "ipv6": false,
                "ipv6_address": "",
                "ipv6_dns_record": [],
                "mac_address": "d0:0d:17:d6:9f:2e",
                "nat": true,
                "nat_dns_record": [],
                "nat_ip_address": "89.169.156.96",
                "nat_ip_version": "IPV4",
                "security_group_ids": [],
                "subnet_id": "e9bo6prhvqdscfp5gcfn"
              }
            ],
            "placement_policy": [
              {
                "host_affinity_rules": [],
                "placement_group_id": ""
              }
            ],
            "platform_id": "standard-v1",
            "resources": [
              {
                "core_fraction": 100,
                "cores": 2,
                "gpus": 0,
                "memory": 4
              }
            ],
            "scheduling_policy": [
              {
                "preemptible": false
              }
            ],
            "secondary_disk": [],
            "service_account_id": "",
            "status": "running",
            "timeouts": null,
            "zone": "ru-central1-a"
          },
          "sensitive_attributes": [],
          "private": "eyJlMmJmYjczMC1lY2FhLTExZTYtOGY4OC0zNDM2M2JjN2M0YzAiOnsiY3JlYXRlIjozMDAwMDAwMDAwMDAsImRlbGV0ZSI6MzAwMDAwMDAwMDAwLCJ1cGRhdGUiOjMwMDAwMDAwMDAwMH0sInNjaGVtYV92ZXJzaW9uIjoiMSJ9",
          "dependencies": [
            "yandex_vpc_network.default",
            "yandex_vpc_subnet.default"
          ]
        }
      ]
    },
    {
      "mode": "managed",
      "type": "yandex_vpc_network",
      "name": "default",
      "provider": "provider[\"registry.terraform.io/yandex-cloud/yandex\"]",
      "instances": [
        {
          "schema_version": 0,
          "attributes": {
            "created_at": "2025-03-20T17:56:42Z",
            "default_security_group_id": "enppnj1314ika5n6blm1",
            "description": "",
            "folder_id": "b1gbaqeha243uru1i62q",
            "id": "enpa5jbcnevm31abjcqg",
            "labels": {},
            "name": "devops-network",
            "subnet_ids": [
              "e9bo6prhvqdscfp5gcfn"
            ],
            "timeouts": null
          },
          "sensitive_attributes": [],
          "private": "eyJlMmJmYjczMC1lY2FhLTExZTYtOGY4OC0zNDM2M2JjN2M0YzAiOnsiY3JlYXRlIjo2MDAwMDAwMDAwMCwiZGVsZXRlIjo2MDAwMDAwMDAwMCwidXBkYXRlIjo2MDAwMDAwMDAwMH19"
        }
      ]
    },
    {
      "mode": "managed",
      "type": "yandex_vpc_subnet",
      "name": "default",
      "provider": "provider[\"registry.terraform.io/yandex-cloud/yandex\"]",
      "instances": [
        {
          "schema_version": 0,
          "attributes": {
            "created_at": "2025-03-20T17:56:44Z",
            "description": "",
            "dhcp_options": [],
            "folder_id": "b1gbaqeha243uru1i62q",
            "id": "e9bo6prhvqdscfp5gcfn",
            "labels": {},
            "name": "devops-subnet",
            "network_id": "enpa5jbcnevm31abjcqg",
            "route_table_id": "",
            "timeouts": null,
            "v4_cidr_blocks": [
              "10.128.0.0/24"
            ],
            "v6_cidr_blocks": [],
            "zone": "ru-central1-a"
          },
          "sensitive_attributes": [],
          "private": "eyJlMmJmYjczMC1lY2FhLTExZTYtOGY4OC0zNDM2M2JjN2M0YzAiOnsiY3JlYXRlIjoxODAwMDAwMDAwMDAsImRlbGV0ZSI6MTgwMDAwMDAwMDAwLCJ1cGRhdGUiOjE4MDAwMDAwMDAwMH19",
          "dependencies": [
            "yandex_vpc_network.default"
          ]
        }
      ]
    }
  ],
  "check_results": null
}
